<?xml version="1.0" encoding="utf-8"?>
<Project ToolsVersion="4.0" xmlns="http://schemas.microsoft.com/developer/msbuild/2003">
  <ItemGroup>
    <ClCompile Include="Source\Core\Platform\Window.cpp">
      <Filter>Core\Platform</Filter>
    </ClCompile>
    <ClCompile Include="Source\Core\Base\RunTime.cpp">
      <Filter>Core\Base</Filter>
    </ClCompile>
    <ClCompile Include="Source\Core\Events\SDLEvents.cpp">
      <Filter>Core\Events</Filter>
    </ClCompile>
    <ClCompile Include="Source\Core\Platform\InputManager.cpp">
      <Filter>Core\Platform</Filter>
    </ClCompile>
    <ClCompile Include="Source\pch.cpp" />
    <ClCompile Include="Source\Core\Time\TimeSystem.cpp">
      <Filter>Core\Time</Filter>
    </ClCompile>
    <ClCompile Include="Source\Debug\DebugSystem.cpp">
      <Filter>Debug</Filter>
    </ClCompile>
    <ClCompile Include="Source\Core\Entity-Component\Object.cpp">
      <Filter>Core\Entity-Component</Filter>
    </ClCompile>
    <ClCompile Include="Source\Core\Entity-Component\Components.cpp">
      <Filter>Core\Entity-Component</Filter>
    </ClCompile>
    <ClCompile Include="Source\Core\Base\Identity.cpp">
      <Filter>Core\Base</Filter>
    </ClCompile>
    <ClCompile Include="Source\Core\Base\RTTI.cpp">
      <Filter>Core\Base</Filter>
    </ClCompile>
    <ClCompile Include="Source\Math\Transform.cpp">
      <Filter>Math</Filter>
    </ClCompile>
    <ClCompile Include="Source\Graphics\GraphicsManager.cpp">
      <Filter>Graphics</Filter>
    </ClCompile>
    <ClCompile Include="Source\Graphics\stbi_image.c" />
    <ClCompile Include="Source\Core\Scene\Space.cpp">
      <Filter>Core\Scene</Filter>
    </ClCompile>
    <ClCompile Include="Source\Core\Scene\ObjectManager.cpp">
      <Filter>Core\Scene</Filter>
    </ClCompile>
    <ClCompile Include="glad.c">
      <Filter>ThirdParty</Filter>
    </ClCompile>
    <ClCompile Include="..\ThirdParty\Includes\imgui\imgui.cpp">
      <Filter>ThirdParty\imgui</Filter>
    </ClCompile>
    <ClCompile Include="..\ThirdParty\Includes\imgui\imgui_demo.cpp">
      <Filter>ThirdParty\imgui</Filter>
    </ClCompile>
    <ClCompile Include="..\ThirdParty\Includes\imgui\imgui_draw.cpp">
      <Filter>ThirdParty\imgui</Filter>
    </ClCompile>
    <ClCompile Include="..\ThirdParty\Includes\imgui\imgui_impl_opengl3.cpp">
      <Filter>ThirdParty\imgui</Filter>
    </ClCompile>
    <ClCompile Include="..\ThirdParty\Includes\imgui\imgui_impl_sdl.cpp">
      <Filter>ThirdParty\imgui</Filter>
    </ClCompile>
    <ClCompile Include="..\ThirdParty\Includes\imgui\imgui_tables.cpp">
      <Filter>ThirdParty\imgui</Filter>
    </ClCompile>
    <ClCompile Include="..\ThirdParty\Includes\imgui\imgui_widgets.cpp">
      <Filter>ThirdParty\imgui</Filter>
    </ClCompile>
    <ClCompile Include="..\ThirdParty\Includes\imgui\imgui_stdlib.cpp">
      <Filter>ThirdParty\imgui</Filter>
    </ClCompile>
    <ClCompile Include="Source\Core\Serialization\Serialized.cpp">
      <Filter>Core\Serialization</Filter>
    </ClCompile>
    <ClCompile Include="Source\Graphics\Model.cpp">
      <Filter>Graphics\Renderable</Filter>
    </ClCompile>
    <ClCompile Include="Source\Graphics\Renderable.cpp">
      <Filter>Graphics\Renderable</Filter>
    </ClCompile>
    <ClCompile Include="Source\Graphics\Shader.cpp">
      <Filter>Graphics\Renderable</Filter>
    </ClCompile>
    <ClCompile Include="Source\Graphics\Texture.cpp">
      <Filter>Graphics\Renderable</Filter>
    </ClCompile>
    <ClCompile Include="Source\Graphics\Camera\Camera.cpp">
      <Filter>Graphics\Camera</Filter>
    </ClCompile>
  </ItemGroup>
  <ItemGroup>
    <Filter Include="Core">
      <UniqueIdentifier>{ce4dd5e1-40e4-4b5b-92d9-995416e99069}</UniqueIdentifier>
    </Filter>
    <Filter Include="Core\Platform">
      <UniqueIdentifier>{67ccc1b2-1950-4c59-80c9-6dd3fe3e7e3d}</UniqueIdentifier>
    </Filter>
    <Filter Include="Core\Base">
      <UniqueIdentifier>{d53e1c8d-8e02-4455-8dfe-c2c08a9f31be}</UniqueIdentifier>
    </Filter>
    <Filter Include="Core\Events">
      <UniqueIdentifier>{d4407723-755e-461a-9f31-2e476cf740fb}</UniqueIdentifier>
    </Filter>
    <Filter Include="Core\Time">
      <UniqueIdentifier>{2d82d123-4bf2-4deb-b61b-b0a303d42a2b}</UniqueIdentifier>
    </Filter>
    <Filter Include="Debug">
      <UniqueIdentifier>{653c2108-63af-4eda-8c39-c48914ecb723}</UniqueIdentifier>
    </Filter>
    <Filter Include="Core\Entity-Component">
      <UniqueIdentifier>{027ea382-ad6f-4e49-ae71-8071ded9540b}</UniqueIdentifier>
    </Filter>
    <Filter Include="Math">
      <UniqueIdentifier>{af8ef237-1414-41b1-9814-6e4e498b4f71}</UniqueIdentifier>
    </Filter>
    <Filter Include="Graphics">
      <UniqueIdentifier>{ac76e0c0-db87-4eb8-9366-b52595f72a17}</UniqueIdentifier>
    </Filter>
    <Filter Include="Core\Scene">
      <UniqueIdentifier>{479f62f5-7c75-42e2-86cc-01a6d1ed7507}</UniqueIdentifier>
    </Filter>
    <Filter Include="ThirdParty">
      <UniqueIdentifier>{4ab09eab-0ee4-427a-bec0-7f06b4e64cb4}</UniqueIdentifier>
    </Filter>
    <Filter Include="ThirdParty\imgui">
      <UniqueIdentifier>{0995d078-be07-46ed-86b0-cb31029915ab}</UniqueIdentifier>
    </Filter>
    <Filter Include="Core\Serialization">
      <UniqueIdentifier>{31b8a33b-3c1d-4088-80d1-59794903364b}</UniqueIdentifier>
    </Filter>
    <Filter Include="Graphics\Renderable">
      <UniqueIdentifier>{4c516343-8d37-456c-9fe5-c569b51cba42}</UniqueIdentifier>
    </Filter>
    <Filter Include="Graphics\Camera">
      <UniqueIdentifier>{1dbd5557-aaa4-4128-99ea-2c039b25f986}</UniqueIdentifier>
    </Filter>
  </ItemGroup>
  <ItemGroup>
    <ClInclude Include="Source\Core\Platform\Window.hpp">
      <Filter>Core\Platform</Filter>
    </ClInclude>
    <ClInclude Include="Source\Core\Base\RunTime.hpp">
      <Filter>Core\Base</Filter>
    </ClInclude>
    <ClInclude Include="Source\Core\Base\Singleton.hpp">
      <Filter>Core\Base</Filter>
    </ClInclude>
    <ClInclude Include="Source\Core\Events\SDLEvents.hpp">
      <Filter>Core\Events</Filter>
    </ClInclude>
    <ClInclude Include="Source\Core\Platform\InputManager.hpp">
      <Filter>Core\Platform</Filter>
    </ClInclude>
    <ClInclude Include="Source\pch.h" />
    <ClInclude Include="Source\Core\Time\TimeSystem.hpp">
      <Filter>Core\Time</Filter>
    </ClInclude>
    <ClInclude Include="Source\Debug\DebugSystem.hpp">
      <Filter>Debug</Filter>
    </ClInclude>
    <ClInclude Include="Source\Core\Entity-Component\Object.hpp">
      <Filter>Core\Entity-Component</Filter>
    </ClInclude>
    <ClInclude Include="Source\Core\Entity-Component\Components.hpp">
      <Filter>Core\Entity-Component</Filter>
    </ClInclude>
    <ClInclude Include="Source\Core\Base\Identity.hpp">
      <Filter>Core\Base</Filter>
    </ClInclude>
    <ClInclude Include="Source\Core\Base\RTTI.hpp">
      <Filter>Core\Base</Filter>
    </ClInclude>
    <ClInclude Include="Source\Math\Transform.hpp">
      <Filter>Math</Filter>
    </ClInclude>
    <ClInclude Include="Source\Graphics\GraphicsManager.hpp">
      <Filter>Graphics</Filter>
    </ClInclude>
    <ClInclude Include="Source\Core\Scene\Space.hpp">
      <Filter>Core\Scene</Filter>
    </ClInclude>
    <ClInclude Include="Source\Core\Scene\ObjectManager.hpp">
      <Filter>Core\Scene</Filter>
    </ClInclude>
    <ClInclude Include="..\ThirdParty\Includes\imgui\imconfig.h">
      <Filter>ThirdParty\imgui</Filter>
    </ClInclude>
    <ClInclude Include="..\ThirdParty\Includes\imgui\imgui.h">
      <Filter>ThirdParty\imgui</Filter>
    </ClInclude>
    <ClInclude Include="..\ThirdParty\Includes\imgui\imgui_impl_opengl3.h">
      <Filter>ThirdParty\imgui</Filter>
    </ClInclude>
    <ClInclude Include="..\ThirdParty\Includes\imgui\imgui_impl_opengl3_loader.h">
      <Filter>ThirdParty\imgui</Filter>
    </ClInclude>
    <ClInclude Include="..\ThirdParty\Includes\imgui\imgui_impl_sdl.h">
      <Filter>ThirdParty\imgui</Filter>
    </ClInclude>
    <ClInclude Include="..\ThirdParty\Includes\imgui\imgui_internal.h">
      <Filter>ThirdParty\imgui</Filter>
    </ClInclude>
    <ClInclude Include="..\ThirdParty\Includes\imgui\imstb_rectpack.h">
      <Filter>ThirdParty\imgui</Filter>
    </ClInclude>
    <ClInclude Include="..\ThirdParty\Includes\imgui\imstb_textedit.h">
      <Filter>ThirdParty\imgui</Filter>
    </ClInclude>
    <ClInclude Include="..\ThirdParty\Includes\imgui\imstb_truetype.h">
      <Filter>ThirdParty\imgui</Filter>
    </ClInclude>
    <ClInclude Include="..\ThirdParty\Includes\imgui\imgui_stdlib.h">
      <Filter>ThirdParty\imgui</Filter>
    </ClInclude>
    <ClInclude Include="Source\Core\Serialization\Serialized.hpp">
      <Filter>Core\Serialization</Filter>
    </ClInclude>
    <ClInclude Include="Source\Graphics\Model.hpp">
      <Filter>Graphics\Renderable</Filter>
    </ClInclude>
    <ClInclude Include="Source\Graphics\Renderable.hpp">
      <Filter>Graphics\Renderable</Filter>
    </ClInclude>
    <ClInclude Include="Source\Graphics\Shader.hpp">
      <Filter>Graphics\Renderable</Filter>
    </ClInclude>
    <ClInclude Include="Source\Graphics\Texture.hpp">
      <Filter>Graphics\Renderable</Filter>
    </ClInclude>
    <ClInclude Include="Source\Graphics\Camera\Camera.hpp">
      <Filter>Graphics\Camera</Filter>
    </ClInclude>
  </ItemGroup>
  <ItemGroup>
    <None Include="Source\Core\Entity-Component\Object.inl">
      <Filter>Core\Entity-Component</Filter>
    </None>
    <None Include="Source\Core\Base\RTTI.inl">
      <Filter>Core\Base</Filter>
    </None>
    <None Include="Source\Core\Serialization\Serialized.inl">
      <Filter>Core\Serialization</Filter>
    </None>
  </ItemGroup>
</Project>