<?xml version="1.0" encoding="utf-8"?>
<Project ToolsVersion="4.0" xmlns="http://schemas.microsoft.com/developer/msbuild/2003">
  <ItemGroup>
    <Filter Include="Editor">
      <UniqueIdentifier>{4FC737F1-C7A5-4376-A066-2A32D752A2FF}</UniqueIdentifier>
      <Extensions>cpp;c;cc;cxx;c++;cppm;ixx;def;odl;idl;hpj;bat;asm;asmx</Extensions>
    </Filter>
  </ItemGroup>
  <ItemGroup>
    <ClCompile Include="Source\main.cpp" />
    <ClCompile Include="Source\Editor\Editor.cpp">
      <Filter>Editor</Filter>
    </ClCompile>
    <ClCompile Include="Source\Editor\EditScene.cpp">
      <Filter>Editor</Filter>
    </ClCompile>
    <ClCompile Include="Source\Editor\EditObject.cpp">
      <Filter>Editor</Filter>
    </ClCompile>
    <ClCompile Include="Source\Editor\EditorHelpers.cpp">
      <Filter>Editor</Filter>
    </ClCompile>
    <ClCompile Include="Source\Editor\EditorRenderer.cpp">
      <Filter>Editor</Filter>
    </ClCompile>
  </ItemGroup>
  <ItemGroup>
    <ClInclude Include="Source\Editor\Editor.hpp">
      <Filter>Editor</Filter>
    </ClInclude>
    <ClInclude Include="Source\Editor\EditScene.hpp">
      <Filter>Editor</Filter>
    </ClInclude>
    <ClInclude Include="Source\Editor\EditObject.hpp">
      <Filter>Editor</Filter>
    </ClInclude>
    <ClInclude Include="Source\Editor\EditorHelpers.hpp">
      <Filter>Editor</Filter>
    </ClInclude>
    <ClInclude Include="Source\Editor\EditorRenderer.hpp">
      <Filter>Editor</Filter>
    </ClInclude>
  </ItemGroup>
</Project>